// !$*UTF8*$!
{
	archiveVersion = 1;
	classes = {
	};
	objectVersion = 56;
	objects = {

/* Begin PBXBuildFile section */
		AA000001000000000000EE00 /* Assets.xcassets in Resources */ = {isa = PBXBuildFile; fileRef = AA000001000000000000FF00 /* Assets.xcassets */; };
		AA000001000000000000EE01 /* WWDC26PlaygroundApp.swift in Sources */ = {isa = PBXBuildFile; fileRef = AA000001000000000000FF01 /* WWDC26PlaygroundApp.swift */; };
		AA000001000000000000EE02 /* ContentView.swift in Sources */ = {isa = PBXBuildFile; fileRef = AA000001000000000000FF02 /* ContentView.swift */; };
		AA000001000000000000EE03 /* A_ReorderAnywhere.swift in Sources */ = {isa = PBXBuildFile; fileRef = AA000001000000000000FF03 /* A_ReorderAnywhere.swift */; };
		AA000001000000000000EE04 /* B_SwipeOutsideList.swift in Sources */ = {isa = PBXBuildFile; fileRef = AA000001000000000000FF04 /* B_SwipeOutsideList.swift */; };
		AA000001000000000000EE05 /* C_ProminentTab.swift in Sources */ = {isa = PBXBuildFile; fileRef = AA000001000000000000FF05 /* C_ProminentTab.swift */; };
		AA000001000000000000EE06 /* D_SmartToolbars.swift in Sources */ = {isa = PBXBuildFile; fileRef = AA000001000000000000FF06 /* D_SmartToolbars.swift */; };
		AA000001000000000000EE07 /* E_DocumentAPI.swift in Sources */ = {isa = PBXBuildFile; fileRef = AA000001000000000000FF07 /* E_DocumentAPI.swift */; };
		AA000001000000000000EE08 /* F_AsyncImageCache.swift in Sources */ = {isa = PBXBuildFile; fileRef = AA000001000000000000FF08 /* F_AsyncImageCache.swift */; };
		AA000001000000000000EE09 /* G_StateObservable.swift in Sources */ = {isa = PBXBuildFile; fileRef = AA000001000000000000FF09 /* G_StateObservable.swift */; };
		AA000001000000000000EE0A /* H_AnyAppleOS.swift in Sources */ = {isa = PBXBuildFile; fileRef = AA000001000000000000FF0A /* H_AnyAppleOS.swift */; };
		AA000001000000000000EE0B /* I_AsyncDefer.swift in Sources */ = {isa = PBXBuildFile; fileRef = AA000001000000000000FF0B /* I_AsyncDefer.swift */; };
		AA000001000000000000EE0C /* J_FoundationModels.swift in Sources */ = {isa = PBXBuildFile; fileRef = AA000001000000000000FF0C /* J_FoundationModels.swift */; };
		AA000001000000000000EE0D /* K_FoundationModelsVision.swift in Sources */ = {isa = PBXBuildFile; fileRef = AA000001000000000000FF0D /* K_FoundationModelsVision.swift */; };
		AA000001000000000000EE20 /* Shared.swift in Sources */ = {isa = PBXBuildFile; fileRef = AA000001000000000000FF20 /* Shared.swift */; };
/* End PBXBuildFile section */

/* Begin PBXFileReference section */
		AA000001000000000000AA01 /* WWDC26Playground.app */ = {isa = PBXFileReference; explicitFileType = wrapper.application; includeInIndex = 0; path = WWDC26Playground.app; sourceTree = BUILT_PRODUCTS_DIR; };
		AA000001000000000000FF00 /* Assets.xcassets */ = {isa = PBXFileReference; lastKnownFileType = folder.assetcatalog; path = Assets.xcassets; sourceTree = "<group>"; };
		AA000001000000000000FF01 /* WWDC26PlaygroundApp.swift */ = {isa = PBXFileReference; lastKnownFileType = sourcecode.swift; path = WWDC26PlaygroundApp.swift; sourceTree = "<group>"; };
		AA000001000000000000FF02 /* ContentView.swift */ = {isa = PBXFileReference; lastKnownFileType = sourcecode.swift; path = ContentView.swift; sourceTree = "<group>"; };
		AA000001000000000000FF03 /* A_ReorderAnywhere.swift */ = {isa = PBXFileReference; lastKnownFileType = sourcecode.swift; path = A_ReorderAnywhere.swift; sourceTree = "<group>"; };
		AA000001000000000000FF04 /* B_SwipeOutsideList.swift */ = {isa = PBXFileReference; lastKnownFileType = sourcecode.swift; path = B_SwipeOutsideList.swift; sourceTree = "<group>"; };
		AA000001000000000000FF05 /* C_ProminentTab.swift */ = {isa = PBXFileReference; lastKnownFileType = sourcecode.swift; path = C_ProminentTab.swift; sourceTree = "<group>"; };
		AA000001000000000000FF06 /* D_SmartToolbars.swift */ = {isa = PBXFileReference; lastKnownFileType = sourcecode.swift; path = D_SmartToolbars.swift; sourceTree = "<group>"; };
		AA000001000000000000FF07 /* E_DocumentAPI.swift */ = {isa = PBXFileReference; lastKnownFileType = sourcecode.swift; path = E_DocumentAPI.swift; sourceTree = "<group>"; };
		AA000001000000000000FF08 /* F_AsyncImageCache.swift */ = {isa = PBXFileReference; lastKnownFileType = sourcecode.swift; path = F_AsyncImageCache.swift; sourceTree = "<group>"; };
		AA000001000000000000FF09 /* G_StateObservable.swift */ = {isa = PBXFileReference; lastKnownFileType = sourcecode.swift; path = G_StateObservable.swift; sourceTree = "<group>"; };
		AA000001000000000000FF0A /* H_AnyAppleOS.swift */ = {isa = PBXFileReference; lastKnownFileType = sourcecode.swift; path = H_AnyAppleOS.swift; sourceTree = "<group>"; };
		AA000001000000000000FF0B /* I_AsyncDefer.swift */ = {isa = PBXFileReference; lastKnownFileType = sourcecode.swift; path = I_AsyncDefer.swift; sourceTree = "<group>"; };
		AA000001000000000000FF0C /* J_FoundationModels.swift */ = {isa = PBXFileReference; lastKnownFileType = sourcecode.swift; path = J_FoundationModels.swift; sourceTree = "<group>"; };
		AA000001000000000000FF0D /* K_FoundationModelsVision.swift */ = {isa = PBXFileReference; lastKnownFileType = sourcecode.swift; path = K_FoundationModelsVision.swift; sourceTree = "<group>"; };
		AA000001000000000000FF20 /* Shared.swift */ = {isa = PBXFileReference; lastKnownFileType = sourcecode.swift; path = Shared.swift; sourceTree = "<group>"; };
/* End PBXFileReference section */

/* Begin PBXFrameworksBuildPhase section */
		AA000001000000000000PH03 /* Frameworks */ = {
			isa = PBXFrameworksBuildPhase;
			buildActionMask = 2147483647;
			files = (
			);
			runOnlyForDeploymentPostprocessing = 0;
		};
/* End PBXFrameworksBuildPhase section */

/* Begin PBXGroup section */
		AA000001000000000000BB00 /* WWDC26Playground */ = {
			isa = PBXGroup;
			children = (
				AA000001000000000000FF01 /* WWDC26PlaygroundApp.swift */,
				AA000001000000000000FF02 /* ContentView.swift */,
				AA000001000000000000FF20 /* Shared.swift */,
				AA000001000000000000CC00 /* Screens */,
				AA000001000000000000FF00 /* Assets.xcassets */,
			);
			path = WWDC26Playground;
			sourceTree = "<group>";
		};
		AA000001000000000000BB01 /* Products */ = {
			isa = PBXGroup;
			children = (
				AA000001000000000000AA01 /* WWDC26Playground.app */,
			);
			name = Products;
			sourceTree = "<group>";
		};
		AA000001000000000000BB02 = {
			isa = PBXGroup;
			children = (
				AA000001000000000000BB00 /* WWDC26Playground */,
				AA000001000000000000BB01 /* Products */,
			);
			sourceTree = "<group>";
		};
		AA000001000000000000CC00 /* Screens */ = {
			isa = PBXGroup;
			children = (
				AA000001000000000000FF03 /* A_ReorderAnywhere.swift */,
				AA000001000000000000FF04 /* B_SwipeOutsideList.swift */,
				AA000001000000000000FF05 /* C_ProminentTab.swift */,
				AA000001000000000000FF06 /* D_SmartToolbars.swift */,
				AA000001000000000000FF07 /* E_DocumentAPI.swift */,
				AA000001000000000000FF08 /* F_AsyncImageCache.swift */,
				AA000001000000000000FF09 /* G_StateObservable.swift */,
				AA000001000000000000FF0A /* H_AnyAppleOS.swift */,
				AA000001000000000000FF0B /* I_AsyncDefer.swift */,
				AA000001000000000000FF0C /* J_FoundationModels.swift */,
				AA000001000000000000FF0D /* K_FoundationModelsVision.swift */,
			);
			path = Screens;
			sourceTree = "<group>";
		};
/* End PBXGroup section */

/* Begin PBXNativeTarget section */
		AA000001000000000000TT01 /* WWDC26Playground */ = {
			isa = PBXNativeTarget;
			buildConfigurationList = AA000001000000000000CL02 /* Build configuration list for PBXNativeTarget "WWDC26Playground" */;
			buildPhases = (
				AA000001000000000000PH01 /* Sources */,
				AA000001000000000000PH02 /* Resources */,
				AA000001000000000000PH03 /* Frameworks */,
			);
			buildRules = (
			);
			dependencies = (
			);
			name = WWDC26Playground;
			productName = WWDC26Playground;
			productReference = AA000001000000000000AA01 /* WWDC26Playground.app */;
			productType = "com.apple.product-type.application";
		};
/* End PBXNativeTarget section */

/* Begin PBXProject section */
		AA000001000000000000PR01 /* Project object */ = {
			isa = PBXProject;
			attributes = {
				BuildIndependentTargetsInParallel = 1;
				LastSwiftUpdateCheck = 1600;
				LastUpgradeCheck = 1600;
				TargetAttributes = {
					AA000001000000000000TT01 = {
						CreatedOnToolsVersion = 16.0;
					};
				};
			};
			buildConfigurationList = AA000001000000000000CL01 /* Build configuration list for PBXProject "WWDC26Playground" */;
			compatibilityVersion = "Xcode 14.0";
			developmentRegion = en;
			hasScannedForEncodings = 0;
			knownRegions = (
				en,
				Base,
			);
			mainGroup = AA000001000000000000BB02;
			productRefGroup = AA000001000000000000BB01 /* Products */;
			projectDirPath = "";
			projectRoot = "";
			targets = (
				AA000001000000000000TT01 /* WWDC26Playground */,
			);
		};
/* End PBXProject section */

/* Begin PBXResourcesBuildPhase section */
		AA000001000000000000PH02 /* Resources */ = {
			isa = PBXResourcesBuildPhase;
			buildActionMask = 2147483647;
			files = (
				AA000001000000000000EE00 /* Assets.xcassets in Resources */,
			);
			runOnlyForDeploymentPostprocessing = 0;
		};
/* End PBXResourcesBuildPhase section */

/* Begin PBXSourcesBuildPhase section */
		AA000001000000000000PH01 /* Sources */ = {
			isa = PBXSourcesBuildPhase;
			buildActionMask = 2147483647;
			files = (
				AA000001000000000000EE20 /* Shared.swift in Sources */,
				AA000001000000000000EE01 /* WWDC26PlaygroundApp.swift in Sources */,
				AA000001000000000000EE02 /* ContentView.swift in Sources */,
				AA000001000000000000EE03 /* A_ReorderAnywhere.swift in Sources */,
				AA000001000000000000EE04 /* B_SwipeOutsideList.swift in Sources */,
				AA000001000000000000EE05 /* C_ProminentTab.swift in Sources */,
				AA000001000000000000EE06 /* D_SmartToolbars.swift in Sources */,
				AA000001000000000000EE07 /* E_DocumentAPI.swift in Sources */,
				AA000001000000000000EE08 /* F_AsyncImageCache.swift in Sources */,
				AA000001000000000000EE09 /* G_StateObservable.swift in Sources */,
				AA000001000000000000EE0A /* H_AnyAppleOS.swift in Sources */,
				AA000001000000000000EE0B /* I_AsyncDefer.swift in Sources */,
				AA000001000000000000EE0C /* J_FoundationModels.swift in Sources */,
				AA000001000000000000EE0D /* K_FoundationModelsVision.swift in Sources */,
			);
			runOnlyForDeploymentPostprocessing = 0;
		};
/* End PBXSourcesBuildPhase section */

/* Begin XCBuildConfiguration section */
		AA000001000000000000CF01 /* Debug */ = {
			isa = XCBuildConfiguration;
			buildSettings = {
				ALWAYS_SEARCH_USER_PATHS = NO;
				ASSETCATALOG_COMPILER_GENERATE_SWIFT_ASSET_SYMBOL_EXTENSIONS = YES;
				CLANG_ANALYZER_NONNULL = YES;
				CLANG_CXX_LANGUAGE_STANDARD = "gnu++20";
				CLANG_ENABLE_MODULES = YES;
				CLANG_ENABLE_OBJC_ARC = YES;
				CODE_SIGN_STYLE = Automatic;
				CURRENT_PROJECT_VERSION = 1;
				DEVELOPMENT_ASSET_PATHS = "";
				DEVELOPMENT_TEAM = TAK7Y4244F;
				ENABLE_PREVIEWS = YES;
				GCC_C_LANGUAGE_STANDARD = gnu17;
				GENERATE_INFOPLIST_FILE = YES;
				INFOPLIST_KEY_UIApplicationSceneManifest_Generation = YES;
				INFOPLIST_KEY_UIApplicationSupportsIndirectInputEvents = YES;
				INFOPLIST_KEY_UILaunchScreen_Generation = YES;
				INFOPLIST_KEY_UISupportedInterfaceOrientations_iPad = "UIInterfaceOrientationPortrait UIInterfaceOrientationPortraitUpsideDown UIInterfaceOrientationLandscapeLeft UIInterfaceOrientationLandscapeRight";
				INFOPLIST_KEY_UISupportedInterfaceOrientations_iPhone = "UIInterfaceOrientationPortrait UIInterfaceOrientationLandscapeLeft UIInterfaceOrientationLandscapeRight";
				IPHONEOS_DEPLOYMENT_TARGET = 27.0;
				MARKETING_VERSION = 1.0;
				PRODUCT_BUNDLE_IDENTIFIER = com.wwdc26playground.app;
				PRODUCT_NAME = "$(TARGET_NAME)";
				SWIFT_EMIT_LOC_STRINGS = YES;
				SWIFT_VERSION = 6.0;
				TARGETED_DEVICE_FAMILY = "1,2";
			};
			name = Debug;
		};
		AA000001000000000000CF02 /* Release */ = {
			isa = XCBuildConfiguration;
			buildSettings = {
				ALWAYS_SEARCH_USER_PATHS = NO;
				ASSETCATALOG_COMPILER_GENERATE_SWIFT_ASSET_SYMBOL_EXTENSIONS = YES;
				CLANG_ANALYZER_NONNULL = YES;
				CLANG_CXX_LANGUAGE_STANDARD = "gnu++20";
				CLANG_ENABLE_MODULES = YES;
				CLANG_ENABLE_OBJC_ARC = YES;
				CODE_SIGN_STYLE = Automatic;
				CURRENT_PROJECT_VERSION = 1;
				DEVELOPMENT_TEAM = TAK7Y4244F;
				ENABLE_PREVIEWS = YES;
				GCC_C_LANGUAGE_STANDARD = gnu17;
				GENERATE_INFOPLIST_FILE = YES;
				INFOPLIST_KEY_UIApplicationSceneManifest_Generation = YES;
				INFOPLIST_KEY_UIApplicationSupportsIndirectInputEvents = YES;
				INFOPLIST_KEY_UILaunchScreen_Generation = YES;
				INFOPLIST_KEY_UISupportedInterfaceOrientations_iPad = "UIInterfaceOrientationPortrait UIInterfaceOrientationPortraitUpsideDown UIInterfaceOrientationLandscapeLeft UIInterfaceOrientationLandscapeRight";
				INFOPLIST_KEY_UISupportedInterfaceOrientations_iPhone = "UIInterfaceOrientationPortrait UIInterfaceOrientationLandscapeLeft UIInterfaceOrientationLandscapeRight";
				IPHONEOS_DEPLOYMENT_TARGET = 27.0;
				MARKETING_VERSION = 1.0;
				PRODUCT_BUNDLE_IDENTIFIER = com.wwdc26playground.app;
				PRODUCT_NAME = "$(TARGET_NAME)";
				SWIFT_EMIT_LOC_STRINGS = YES;
				SWIFT_VERSION = 6.0;
				TARGETED_DEVICE_FAMILY = "1,2";
			};
			name = Release;
		};
		AA000001000000000000CF03 /* Debug */ = {
			isa = XCBuildConfiguration;
			buildSettings = {
				ALWAYS_SEARCH_USER_PATHS = NO;
				CLANG_ANALYZER_LOCALIZABILITY_NONLOCALIZED = YES;
				CLANG_CXX_LANGUAGE_STANDARD = "gnu++20";
				CLANG_WARN_BLOCK_CAPTURE_AUTORELEASING = YES;
				CLANG_WARN_BOOL_CONVERSION = YES;
				CLANG_WARN_COMMA = YES;
				CLANG_WARN_CONSTANT_CONVERSION = YES;
				CLANG_WARN_DEPRECATED_OBJC_IMPLEMENTATIONS = YES;
				CLANG_WARN_DIRECT_OBJC_ISA_USAGE = YES_ERROR;
				CLANG_WARN_DOCUMENTATION_COMMENTS = YES;
				CLANG_WARN_EMPTY_BODY = YES;
				CLANG_WARN_ENUM_CONVERSION = YES;
				CLANG_WARN_INFINITE_RECURSION = YES;
				CLANG_WARN_INT_CONVERSION = YES;
				CLANG_WARN_NON_LITERAL_NULL_CONVERSION = YES;
				CLANG_WARN_OBJC_IMPLICIT_RETAIN_SELF = YES;
				CLANG_WARN_OBJC_LITERAL_CONVERSION = YES;
				CLANG_WARN_OBJC_ROOT_CLASS = YES_ERROR;
				CLANG_WARN_QUOTED_INCLUDE_IN_FRAMEWORK_HEADER = YES;
				CLANG_WARN_RANGE_LOOP_ANALYSIS = YES;
				CLANG_WARN_STRICT_PROTOTYPES = YES;
				CLANG_WARN_SUSPICIOUS_MOVE = YES;
				CLANG_WARN_UNGUARDED_AVAILABILITY = YES_ERROR;
				CLANG_WARN_UNREACHABLE_CODE = YES;
				CLANG_WARN__DUPLICATE_METHOD_MATCH = YES;
				COPY_PHASE_STRIP = NO;
				DEBUG_INFORMATION_FORMAT = dwarf;
				ENABLE_STRICT_OBJC_MSGSEND = YES;
				ENABLE_TESTABILITY = YES;
				GCC_C_LANGUAGE_STANDARD = gnu17;
				GCC_DYNAMIC_NO_PIC = NO;
				GCC_NO_COMMON_BLOCKS = YES;
				GCC_OPTIMIZATION_LEVEL = 0;
				GCC_PREPROCESSOR_DEFINITIONS = (
					"DEBUG=1",
					"$(inherited)",
				);
				GCC_WARN_64_TO_32_BIT_CONVERSION = YES;
				GCC_WARN_ABOUT_RETURN_TYPE = YES_ERROR;
				GCC_WARN_UNDECLARED_SELECTOR = YES;
				GCC_WARN_UNINITIALIZED_AUTOS = YES_AGGRESSIVE;
				GCC_WARN_UNUSED_FUNCTION = YES;
				GCC_WARN_UNUSED_VARIABLE = YES;
				IPHONEOS_DEPLOYMENT_TARGET = 27.0;
				MTL_ENABLE_DEBUG_INFO = INCLUDE_SOURCE;
				MTL_FAST_MATH = YES;
				ONLY_ACTIVE_ARCH = YES;
				SDKROOT = iphoneos;
				SWIFT_ACTIVE_COMPILATION_CONDITIONS = "DEBUG $(inherited)";
				SWIFT_OPTIMIZATION_LEVEL = "-Onone";
			};
			name = Debug;
		};
		AA000001000000000000CF04 /* Release */ = {
			isa = XCBuildConfiguration;
			buildSettings = {
				ALWAYS_SEARCH_USER_PATHS = NO;
				CLANG_ANALYZER_LOCALIZABILITY_NONLOCALIZED = YES;
				CLANG_CXX_LANGUAGE_STANDARD = "gnu++20";
				CLANG_WARN_BLOCK_CAPTURE_AUTORELEASING = YES;
				CLANG_WARN_BOOL_CONVERSION = YES;
				CLANG_WARN_COMMA = YES;
				CLANG_WARN_CONSTANT_CONVERSION = YES;
				CLANG_WARN_DEPRECATED_OBJC_IMPLEMENTATIONS = YES;
				CLANG_WARN_DIRECT_OBJC_ISA_USAGE = YES_ERROR;
				CLANG_WARN_DOCUMENTATION_COMMENTS = YES;
				CLANG_WARN_EMPTY_BODY = YES;
				CLANG_WARN_ENUM_CONVERSION = YES;
				CLANG_WARN_INFINITE_RECURSION = YES;
				CLANG_WARN_INT_CONVERSION = YES;
				CLANG_WARN_NON_LITERAL_NULL_CONVERSION = YES;
				CLANG_WARN_OBJC_IMPLICIT_RETAIN_SELF = YES;
				CLANG_WARN_OBJC_LITERAL_CONVERSION = YES;
				CLANG_WARN_OBJC_ROOT_CLASS = YES_ERROR;
				CLANG_WARN_QUOTED_INCLUDE_IN_FRAMEWORK_HEADER = YES;
				CLANG_WARN_RANGE_LOOP_ANALYSIS = YES;
				CLANG_WARN_STRICT_PROTOTYPES = YES;
				CLANG_WARN_SUSPICIOUS_MOVE = YES;
				CLANG_WARN_UNGUARDED_AVAILABILITY = YES_ERROR;
				CLANG_WARN_UNREACHABLE_CODE = YES;
				CLANG_WARN__DUPLICATE_METHOD_MATCH = YES;
				COPY_PHASE_STRIP = NO;
				DEBUG_INFORMATION_FORMAT = "dwarf-with-dsym";
				ENABLE_NS_ASSERTIONS = NO;
				ENABLE_STRICT_OBJC_MSGSEND = YES;
				GCC_C_LANGUAGE_STANDARD = gnu17;
				GCC_NO_COMMON_BLOCKS = YES;
				GCC_WARN_64_TO_32_BIT_CONVERSION = YES;
				GCC_WARN_ABOUT_RETURN_TYPE = YES_ERROR;
				GCC_WARN_UNDECLARED_SELECTOR = YES;
				GCC_WARN_UNINITIALIZED_AUTOS = YES_AGGRESSIVE;
				GCC_WARN_UNUSED_FUNCTION = YES;
				GCC_WARN_UNUSED_VARIABLE = YES;
				IPHONEOS_DEPLOYMENT_TARGET = 27.0;
				MTL_FAST_MATH = YES;
				SDKROOT = iphoneos;
				SWIFT_COMPILATION_MODE = wholemodule;
				SWIFT_OPTIMIZATION_LEVEL = "-O";
			};
			name = Release;
		};
/* End XCBuildConfiguration section */

/* Begin XCConfigurationList section */
		AA000001000000000000CL01 /* Build configuration list for PBXProject "WWDC26Playground" */ = {
			isa = XCConfigurationList;
			buildConfigurations = (
				AA000001000000000000CF03 /* Debug */,
				AA000001000000000000CF04 /* Release */,
			);
			defaultConfigurationIsVisible = 0;
			defaultConfigurationName = Release;
		};
		AA000001000000000000CL02 /* Build configuration list for PBXNativeTarget "WWDC26Playground" */ = {
			isa = XCConfigurationList;
			buildConfigurations = (
				AA000001000000000000CF01 /* Debug */,
				AA000001000000000000CF02 /* Release */,
			);
			defaultConfigurationIsVisible = 0;
			defaultConfigurationName = Release;
		};
/* End XCConfigurationList section */
	};
	rootObject = AA000001000000000000PR01 /* Project object */;
}
